
Microsoft Visual Studio Solution File, Format Version 12.00
# Visual Studio Version 17
VisualStudioVersion = 17.4.33213.308
MinimumVisualStudioVersion = 10.0.40219.1
Project("{FAE04EC0-301F-11D3-BF4B-00C04F79EFBC}") = "Ejercicio1", "Ejercicio1.csproj", "{C8B8274E-65D1-4000-B65D-B32D988C67EA}"
EndProject
Global
	GlobalSection(SolutionConfigurationPlatforms) = preSolution
		Debug|Any CPU = Debug|Any CPU
		Release|Any CPU = Release|Any CPU
	EndGlobalSection
	GlobalSection(ProjectConfigurationPlatforms) = postSolution
		{C8B8274E-65D1-4000-B65D-B32D988C67EA}.Debug|Any CPU.ActiveCfg = Debug|Any CPU
		{C8B8274E-65D1-4000-B65D-B32D988C67EA}.Debug|Any CPU.Build.0 = Debug|Any CPU
		{C8B8274E-65D1-4000-B65D-B32D988C67EA}.Release|Any CPU.ActiveCfg = Release|Any CPU
		{C8B8274E-65D1-4000-B65D-B32D988C67EA}.Release|Any CPU.Build.0 = Release|Any CPU
	EndGlobalSection
	GlobalSection(SolutionProperties) = preSolution
		HideSolutionNode = FALSE
	EndGlobalSection
	GlobalSection(ExtensibilityGlobals) = postSolution
		SolutionGuid = {A954AA25-A311-4804-BB78-0777278437E8}
	EndGlobalSection
EndGlobal
